// !$*UTF8*$!
{
	archiveVersion = 1;
	classes = {
	};
	objectVersion = 46;
	objects = {

/* Begin PBXBuildFile section */
		252406FB17B5F08F0035CF99 /* CCRWDCardCell.m in Sources */ = {isa = PBXBuildFile; fileRef = 252406FA17B5F08F0035CF99 /* CCRWDCardCell.m */; };
		252406FE17B5FF710035CF99 /* CCRWDCreditCard.m in Sources */ = {isa = PBXBuildFile; fileRef = 252406FD17B5FF710035CF99 /* CCRWDCreditCard.m */; };
		2524070117B6148E0035CF99 /* CCRWDCategory.m in Sources */ = {isa = PBXBuildFile; fileRef = 2524070017B6148E0035CF99 /* CCRWDCategory.m */; };
		2524070417B6152C0035CF99 /* CCRWDCategoryCell.m in Sources */ = {isa = PBXBuildFile; fileRef = 2524070317B6152C0035CF99 /* CCRWDCategoryCell.m */; };
		25C76AB617B2150B00F31874 /* Foundation.framework in Frameworks */ = {isa = PBXBuildFile; fileRef = 25C76AB517B2150B00F31874 /* Foundation.framework */; };
		25C76AB817B2150B00F31874 /* CoreGraphics.framework in Frameworks */ = {isa = PBXBuildFile; fileRef = 25C76AB717B2150B00F31874 /* CoreGraphics.framework */; };
		25C76ABA17B2150B00F31874 /* UIKit.framework in Frameworks */ = {isa = PBXBuildFile; fileRef = 25C76AB917B2150B00F31874 /* UIKit.framework */; };
		25C76AC017B2150B00F31874 /* InfoPlist.strings in Resources */ = {isa = PBXBuildFile; fileRef = 25C76ABE17B2150B00F31874 /* InfoPlist.strings */; };
		25C76AC217B2150B00F31874 /* main.m in Sources */ = {isa = PBXBuildFile; fileRef = 25C76AC117B2150B00F31874 /* main.m */; };
		25C76AC617B2150B00F31874 /* CCRWDAppDelegate.m in Sources */ = {isa = PBXBuildFile; fileRef = 25C76AC517B2150B00F31874 /* CCRWDAppDelegate.m */; };
		25C76AC917B2150B00F31874 /* Main_iPhone.storyboard in Resources */ = {isa = PBXBuildFile; fileRef = 25C76AC717B2150B00F31874 /* Main_iPhone.storyboard */; };
		25C76ACC17B2150B00F31874 /* Main_iPad.storyboard in Resources */ = {isa = PBXBuildFile; fileRef = 25C76ACA17B2150B00F31874 /* Main_iPad.storyboard */; };
		25C76ACF17B2150B00F31874 /* CCRWDCategoriesViewController.m in Sources */ = {isa = PBXBuildFile; fileRef = 25C76ACE17B2150B00F31874 /* CCRWDCategoriesViewController.m */; };
		25C76AD217B2150B00F31874 /* CCRWDCardsViewController.m in Sources */ = {isa = PBXBuildFile; fileRef = 25C76AD117B2150B00F31874 /* CCRWDCardsViewController.m */; };
		25C76AD417B2150B00F31874 /* Images.xcassets in Resources */ = {isa = PBXBuildFile; fileRef = 25C76AD317B2150B00F31874 /* Images.xcassets */; };
		25C76ADB17B2150B00F31874 /* XCTest.framework in Frameworks */ = {isa = PBXBuildFile; fileRef = 25C76ADA17B2150B00F31874 /* XCTest.framework */; };
		25C76ADC17B2150B00F31874 /* Foundation.framework in Frameworks */ = {isa = PBXBuildFile; fileRef = 25C76AB517B2150B00F31874 /* Foundation.framework */; };
		25C76ADD17B2150B00F31874 /* UIKit.framework in Frameworks */ = {isa = PBXBuildFile; fileRef = 25C76AB917B2150B00F31874 /* UIKit.framework */; };
		25C76AE517B2150B00F31874 /* InfoPlist.strings in Resources */ = {isa = PBXBuildFile; fileRef = 25C76AE317B2150B00F31874 /* InfoPlist.strings */; };
		25C76AE717B2150B00F31874 /* Card_RewardsTests.m in Sources */ = {isa = PBXBuildFile; fileRef = 25C76AE617B2150B00F31874 /* Card_RewardsTests.m */; };
		25FBC19417B7858C0038A60A /* CCRWDItemHeadingView.m in Sources */ = {isa = PBXBuildFile; fileRef = 25FBC19317B7858C0038A60A /* CCRWDItemHeadingView.m */; };
/* End PBXBuildFile section */

/* Begin PBXContainerItemProxy section */
		25C76ADE17B2150B00F31874 /* PBXContainerItemProxy */ = {
			isa = PBXContainerItemProxy;
			containerPortal = 25C76AAA17B2150B00F31874 /* Project object */;
			proxyType = 1;
			remoteGlobalIDString = 25C76AB117B2150B00F31874;
			remoteInfo = "Card Rewards";
		};
/* End PBXContainerItemProxy section */

/* Begin PBXFileReference section */
		252406F917B5F08F0035CF99 /* CCRWDCardCell.h */ = {isa = PBXFileReference; fileEncoding = 4; lastKnownFileType = sourcecode.c.h; path = CCRWDCardCell.h; sourceTree = "<group>"; };
		252406FA17B5F08F0035CF99 /* CCRWDCardCell.m */ = {isa = PBXFileReference; fileEncoding = 4; lastKnownFileType = sourcecode.c.objc; path = CCRWDCardCell.m; sourceTree = "<group>"; };
		252406FC17B5FF710035CF99 /* CCRWDCreditCard.h */ = {isa = PBXFileReference; fileEncoding = 4; lastKnownFileType = sourcecode.c.h; path = CCRWDCreditCard.h; sourceTree = "<group>"; };
		252406FD17B5FF710035CF99 /* CCRWDCreditCard.m */ = {isa = PBXFileReference; fileEncoding = 4; lastKnownFileType = sourcecode.c.objc; path = CCRWDCreditCard.m; sourceTree = "<group>"; };
		252406FF17B6148E0035CF99 /* CCRWDCategory.h */ = {isa = PBXFileReference; fileEncoding = 4; lastKnownFileType = sourcecode.c.h; path = CCRWDCategory.h; sourceTree = "<group>"; };
		2524070017B6148E0035CF99 /* CCRWDCategory.m */ = {isa = PBXFileReference; fileEncoding = 4; lastKnownFileType = sourcecode.c.objc; path = CCRWDCategory.m; sourceTree = "<group>"; };
		2524070217B6152C0035CF99 /* CCRWDCategoryCell.h */ = {isa = PBXFileReference; fileEncoding = 4; lastKnownFileType = sourcecode.c.h; path = CCRWDCategoryCell.h; sourceTree = "<group>"; };
		2524070317B6152C0035CF99 /* CCRWDCategoryCell.m */ = {isa = PBXFileReference; fileEncoding = 4; lastKnownFileType = sourcecode.c.objc; path = CCRWDCategoryCell.m; sourceTree = "<group>"; };
		25C76AB217B2150B00F31874 /* Card Rewards.app */ = {isa = PBXFileReference; explicitFileType = wrapper.application; includeInIndex = 0; path = "Card Rewards.app"; sourceTree = BUILT_PRODUCTS_DIR; };
		25C76AB517B2150B00F31874 /* Foundation.framework */ = {isa = PBXFileReference; lastKnownFileType = wrapper.framework; name = Foundation.framework; path = System/Library/Frameworks/Foundation.framework; sourceTree = SDKROOT; };
		25C76AB717B2150B00F31874 /* CoreGraphics.framework */ = {isa = PBXFileReference; lastKnownFileType = wrapper.framework; name = CoreGraphics.framework; path = System/Library/Frameworks/CoreGraphics.framework; sourceTree = SDKROOT; };
		25C76AB917B2150B00F31874 /* UIKit.framework */ = {isa = PBXFileReference; lastKnownFileType = wrapper.framework; name = UIKit.framework; path = System/Library/Frameworks/UIKit.framework; sourceTree = SDKROOT; };
		25C76ABD17B2150B00F31874 /* Card Rewards-Info.plist */ = {isa = PBXFileReference; lastKnownFileType = text.plist.xml; path = "Card Rewards-Info.plist"; sourceTree = "<group>"; };
		25C76ABF17B2150B00F31874 /* en */ = {isa = PBXFileReference; lastKnownFileType = text.plist.strings; name = en; path = en.lproj/InfoPlist.strings; sourceTree = "<group>"; };
		25C76AC117B2150B00F31874 /* main.m */ = {isa = PBXFileReference; lastKnownFileType = sourcecode.c.objc; path = main.m; sourceTree = "<group>"; };
		25C76AC317B2150B00F31874 /* Card Rewards-Prefix.pch */ = {isa = PBXFileReference; lastKnownFileType = sourcecode.c.h; path = "Card Rewards-Prefix.pch"; sourceTree = "<group>"; };
		25C76AC417B2150B00F31874 /* CCRWDAppDelegate.h */ = {isa = PBXFileReference; lastKnownFileType = sourcecode.c.h; path = CCRWDAppDelegate.h; sourceTree = "<group>"; };
		25C76AC517B2150B00F31874 /* CCRWDAppDelegate.m */ = {isa = PBXFileReference; lastKnownFileType = sourcecode.c.objc; path = CCRWDAppDelegate.m; sourceTree = "<group>"; };
		25C76AC817B2150B00F31874 /* Base */ = {isa = PBXFileReference; lastKnownFileType = file.storyboard; name = Base; path = Base.lproj/Main_iPhone.storyboard; sourceTree = "<group>"; };
		25C76ACB17B2150B00F31874 /* Base */ = {isa = PBXFileReference; lastKnownFileType = file.storyboard; name = Base; path = Base.lproj/Main_iPad.storyboard; sourceTree = "<group>"; };
		25C76ACD17B2150B00F31874 /* CCRWDCategoriesViewController.h */ = {isa = PBXFileReference; lastKnownFileType = sourcecode.c.h; path = CCRWDCategoriesViewController.h; sourceTree = "<group>"; };
		25C76ACE17B2150B00F31874 /* CCRWDCategoriesViewController.m */ = {isa = PBXFileReference; lastKnownFileType = sourcecode.c.objc; path = CCRWDCategoriesViewController.m; sourceTree = "<group>"; };
		25C76AD017B2150B00F31874 /* CCRWDCardsViewController.h */ = {isa = PBXFileReference; lastKnownFileType = sourcecode.c.h; path = CCRWDCardsViewController.h; sourceTree = "<group>"; };
		25C76AD117B2150B00F31874 /* CCRWDCardsViewController.m */ = {isa = PBXFileReference; lastKnownFileType = sourcecode.c.objc; path = CCRWDCardsViewController.m; sourceTree = "<group>"; };
		25C76AD317B2150B00F31874 /* Images.xcassets */ = {isa = PBXFileReference; lastKnownFileType = folder.assetcatalog; path = Images.xcassets; sourceTree = "<group>"; };
		25C76AD917B2150B00F31874 /* Card RewardsTests.xctest */ = {isa = PBXFileReference; explicitFileType = wrapper.cfbundle; includeInIndex = 0; path = "Card RewardsTests.xctest"; sourceTree = BUILT_PRODUCTS_DIR; };
		25C76ADA17B2150B00F31874 /* XCTest.framework */ = {isa = PBXFileReference; lastKnownFileType = wrapper.framework; name = XCTest.framework; path = Library/Frameworks/XCTest.framework; sourceTree = DEVELOPER_DIR; };
		25C76AE217B2150B00F31874 /* Card RewardsTests-Info.plist */ = {isa = PBXFileReference; lastKnownFileType = text.plist.xml; path = "Card RewardsTests-Info.plist"; sourceTree = "<group>"; };
		25C76AE417B2150B00F31874 /* en */ = {isa = PBXFileReference; lastKnownFileType = text.plist.strings; name = en; path = en.lproj/InfoPlist.strings; sourceTree = "<group>"; };
		25C76AE617B2150B00F31874 /* Card_RewardsTests.m */ = {isa = PBXFileReference; lastKnownFileType = sourcecode.c.objc; path = Card_RewardsTests.m; sourceTree = "<group>"; };
		25FBC19217B7858C0038A60A /* CCRWDItemHeadingView.h */ = {isa = PBXFileReference; fileEncoding = 4; lastKnownFileType = sourcecode.c.h; path = CCRWDItemHeadingView.h; sourceTree = "<group>"; };
		25FBC19317B7858C0038A60A /* CCRWDItemHeadingView.m */ = {isa = PBXFileReference; fileEncoding = 4; lastKnownFileType = sourcecode.c.objc; path = CCRWDItemHeadingView.m; sourceTree = "<group>"; };
/* End PBXFileReference section */

/* Begin PBXFrameworksBuildPhase section */
		25C76AAF17B2150B00F31874 /* Frameworks */ = {
			isa = PBXFrameworksBuildPhase;
			buildActionMask = 2147483647;
			files = (
				25C76AB817B2150B00F31874 /* CoreGraphics.framework in Frameworks */,
				25C76ABA17B2150B00F31874 /* UIKit.framework in Frameworks */,
				25C76AB617B2150B00F31874 /* Foundation.framework in Frameworks */,
			);
			runOnlyForDeploymentPostprocessing = 0;
		};
		25C76AD617B2150B00F31874 /* Frameworks */ = {
			isa = PBXFrameworksBuildPhase;
			buildActionMask = 2147483647;
			files = (
				25C76ADB17B2150B00F31874 /* XCTest.framework in Frameworks */,
				25C76ADD17B2150B00F31874 /* UIKit.framework in Frameworks */,
				25C76ADC17B2150B00F31874 /* Foundation.framework in Frameworks */,
			);
			runOnlyForDeploymentPostprocessing = 0;
		};
/* End PBXFrameworksBuildPhase section */

/* Begin PBXGroup section */
		25C76AA917B2150B00F31874 = {
			isa = PBXGroup;
			children = (
				25C76ABB17B2150B00F31874 /* Card Rewards */,
				25C76AE017B2150B00F31874 /* Card RewardsTests */,
				25C76AB417B2150B00F31874 /* Frameworks */,
				25C76AB317B2150B00F31874 /* Products */,
			);
			sourceTree = "<group>";
		};
		25C76AB317B2150B00F31874 /* Products */ = {
			isa = PBXGroup;
			children = (
				25C76AB217B2150B00F31874 /* Card Rewards.app */,
				25C76AD917B2150B00F31874 /* Card RewardsTests.xctest */,
			);
			name = Products;
			sourceTree = "<group>";
		};
		25C76AB417B2150B00F31874 /* Frameworks */ = {
			isa = PBXGroup;
			children = (
				25C76AB517B2150B00F31874 /* Foundation.framework */,
				25C76AB717B2150B00F31874 /* CoreGraphics.framework */,
				25C76AB917B2150B00F31874 /* UIKit.framework */,
				25C76ADA17B2150B00F31874 /* XCTest.framework */,
			);
			name = Frameworks;
			sourceTree = "<group>";
		};
		25C76ABB17B2150B00F31874 /* Card Rewards */ = {
			isa = PBXGroup;
			children = (
				25C76AC417B2150B00F31874 /* CCRWDAppDelegate.h */,
				25C76AC517B2150B00F31874 /* CCRWDAppDelegate.m */,
				25C76AC717B2150B00F31874 /* Main_iPhone.storyboard */,
				25C76ACA17B2150B00F31874 /* Main_iPad.storyboard */,
				25C76ACD17B2150B00F31874 /* CCRWDCategoriesViewController.h */,
				25C76ACE17B2150B00F31874 /* CCRWDCategoriesViewController.m */,
				25C76AD017B2150B00F31874 /* CCRWDCardsViewController.h */,
				25C76AD117B2150B00F31874 /* CCRWDCardsViewController.m */,
				25C76AD317B2150B00F31874 /* Images.xcassets */,
				25C76ABC17B2150B00F31874 /* Supporting Files */,
				252406F917B5F08F0035CF99 /* CCRWDCardCell.h */,
				252406FA17B5F08F0035CF99 /* CCRWDCardCell.m */,
				252406FC17B5FF710035CF99 /* CCRWDCreditCard.h */,
				252406FD17B5FF710035CF99 /* CCRWDCreditCard.m */,
				252406FF17B6148E0035CF99 /* CCRWDCategory.h */,
				2524070017B6148E0035CF99 /* CCRWDCategory.m */,
				2524070217B6152C0035CF99 /* CCRWDCategoryCell.h */,
				2524070317B6152C0035CF99 /* CCRWDCategoryCell.m */,
				25FBC19217B7858C0038A60A /* CCRWDItemHeadingView.h */,
				25FBC19317B7858C0038A60A /* CCRWDItemHeadingView.m */,
			);
			path = "Card Rewards";
			sourceTree = "<group>";
		};
		25C76ABC17B2150B00F31874 /* Supporting Files */ = {
			isa = PBXGroup;
			children = (
				25C76ABD17B2150B00F31874 /* Card Rewards-Info.plist */,
				25C76ABE17B2150B00F31874 /* InfoPlist.strings */,
				25C76AC117B2150B00F31874 /* main.m */,
				25C76AC317B2150B00F31874 /* Card Rewards-Prefix.pch */,
			);
			name = "Supporting Files";
			sourceTree = "<group>";
		};
		25C76AE017B2150B00F31874 /* Card RewardsTests */ = {
			isa = PBXGroup;
			children = (
				25C76AE617B2150B00F31874 /* Card_RewardsTests.m */,
				25C76AE117B2150B00F31874 /* Supporting Files */,
			);
			path = "Card RewardsTests";
			sourceTree = "<group>";
		};
		25C76AE117B2150B00F31874 /* Supporting Files */ = {
			isa = PBXGroup;
			children = (
				25C76AE217B2150B00F31874 /* Card RewardsTests-Info.plist */,
				25C76AE317B2150B00F31874 /* InfoPlist.strings */,
			);
			name = "Supporting Files";
			sourceTree = "<group>";
		};
/* End PBXGroup section */

/* Begin PBXNativeTarget section */
		25C76AB117B2150B00F31874 /* Card Rewards */ = {
			isa = PBXNativeTarget;
			buildConfigurationList = 25C76AEA17B2150B00F31874 /* Build configuration list for PBXNativeTarget "Card Rewards" */;
			buildPhases = (
				25C76AAE17B2150B00F31874 /* Sources */,
				25C76AAF17B2150B00F31874 /* Frameworks */,
				25C76AB017B2150B00F31874 /* Resources */,
			);
			buildRules = (
			);
			dependencies = (
			);
			name = "Card Rewards";
			productName = "Card Rewards";
			productReference = 25C76AB217B2150B00F31874 /* Card Rewards.app */;
			productType = "com.apple.product-type.application";
		};
		25C76AD817B2150B00F31874 /* Card RewardsTests */ = {
			isa = PBXNativeTarget;
			buildConfigurationList = 25C76AED17B2150B00F31874 /* Build configuration list for PBXNativeTarget "Card RewardsTests" */;
			buildPhases = (
				25C76AD517B2150B00F31874 /* Sources */,
				25C76AD617B2150B00F31874 /* Frameworks */,
				25C76AD717B2150B00F31874 /* Resources */,
			);
			buildRules = (
			);
			dependencies = (
				25C76ADF17B2150B00F31874 /* PBXTargetDependency */,
			);
			name = "Card RewardsTests";
			productName = "Card RewardsTests";
			productReference = 25C76AD917B2150B00F31874 /* Card RewardsTests.xctest */;
			productType = "com.apple.product-type.bundle.unit-test";
		};
/* End PBXNativeTarget section */

/* Begin PBXProject section */
		25C76AAA17B2150B00F31874 /* Project object */ = {
			isa = PBXProject;
			attributes = {
				CLASSPREFIX = CCRWD;
				LastUpgradeCheck = 0500;
				ORGANIZATIONNAME = "Jimming Cheng";
				TargetAttributes = {
					25C76AD817B2150B00F31874 = {
						TestTargetID = 25C76AB117B2150B00F31874;
					};
				};
			};
			buildConfigurationList = 25C76AAD17B2150B00F31874 /* Build configuration list for PBXProject "Card Rewards" */;
			compatibilityVersion = "Xcode 3.2";
			developmentRegion = English;
			hasScannedForEncodings = 0;
			knownRegions = (
				en,
				Base,
			);
			mainGroup = 25C76AA917B2150B00F31874;
			productRefGroup = 25C76AB317B2150B00F31874 /* Products */;
			projectDirPath = "";
			projectRoot = "";
			targets = (
				25C76AB117B2150B00F31874 /* Card Rewards */,
				25C76AD817B2150B00F31874 /* Card RewardsTests */,
			);
		};
/* End PBXProject section */

/* Begin PBXResourcesBuildPhase section */
		25C76AB017B2150B00F31874 /* Resources */ = {
			isa = PBXResourcesBuildPhase;
			buildActionMask = 2147483647;
			files = (
				25C76ACC17B2150B00F31874 /* Main_iPad.storyboard in Resources */,
				25C76AD417B2150B00F31874 /* Images.xcassets in Resources */,
				25C76AC917B2150B00F31874 /* Main_iPhone.storyboard in Resources */,
				25C76AC017B2150B00F31874 /* InfoPlist.strings in Resources */,
			);
			runOnlyForDeploymentPostprocessing = 0;
		};
		25C76AD717B2150B00F31874 /* Resources */ = {
			isa = PBXResourcesBuildPhase;
			buildActionMask = 2147483647;
			files = (
				25C76AE517B2150B00F31874 /* InfoPlist.strings in Resources */,
			);
			runOnlyForDeploymentPostprocessing = 0;
		};
/* End PBXResourcesBuildPhase section */

/* Begin PBXSourcesBuildPhase section */
		25C76AAE17B2150B00F31874 /* Sources */ = {
			isa = PBXSourcesBuildPhase;
			buildActionMask = 2147483647;
			files = (
				252406FE17B5FF710035CF99 /* CCRWDCreditCard.m in Sources */,
				25C76AD217B2150B00F31874 /* CCRWDCardsViewController.m in Sources */,
				2524070117B6148E0035CF99 /* CCRWDCategory.m in Sources */,
				25C76AC617B2150B00F31874 /* CCRWDAppDelegate.m in Sources */,
				25FBC19417B7858C0038A60A /* CCRWDItemHeadingView.m in Sources */,
				252406FB17B5F08F0035CF99 /* CCRWDCardCell.m in Sources */,
				25C76AC217B2150B00F31874 /* main.m in Sources */,
				25C76ACF17B2150B00F31874 /* CCRWDCategoriesViewController.m in Sources */,
				2524070417B6152C0035CF99 /* CCRWDCategoryCell.m in Sources */,
			);
			runOnlyForDeploymentPostprocessing = 0;
		};
		25C76AD517B2150B00F31874 /* Sources */ = {
			isa = PBXSourcesBuildPhase;
			buildActionMask = 2147483647;
			files = (
				25C76AE717B2150B00F31874 /* Card_RewardsTests.m in Sources */,
			);
			runOnlyForDeploymentPostprocessing = 0;
		};
/* End PBXSourcesBuildPhase section */

/* Begin PBXTargetDependency section */
		25C76ADF17B2150B00F31874 /* PBXTargetDependency */ = {
			isa = PBXTargetDependency;
			target = 25C76AB117B2150B00F31874 /* Card Rewards */;
			targetProxy = 25C76ADE17B2150B00F31874 /* PBXContainerItemProxy */;
		};
/* End PBXTargetDependency section */

/* Begin PBXVariantGroup section */
		25C76ABE17B2150B00F31874 /* InfoPlist.strings */ = {
			isa = PBXVariantGroup;
			children = (
				25C76ABF17B2150B00F31874 /* en */,
			);
			name = InfoPlist.strings;
			sourceTree = "<group>";
		};
		25C76AC717B2150B00F31874 /* Main_iPhone.storyboard */ = {
			isa = PBXVariantGroup;
			children = (
				25C76AC817B2150B00F31874 /* Base */,
			);
			name = Main_iPhone.storyboard;
			sourceTree = "<group>";
		};
		25C76ACA17B2150B00F31874 /* Main_iPad.storyboard */ = {
			isa = PBXVariantGroup;
			children = (
				25C76ACB17B2150B00F31874 /* Base */,
			);
			name = Main_iPad.storyboard;
			sourceTree = "<group>";
		};
		25C76AE317B2150B00F31874 /* InfoPlist.strings */ = {
			isa = PBXVariantGroup;
			children = (
				25C76AE417B2150B00F31874 /* en */,
			);
			name = InfoPlist.strings;
			sourceTree = "<group>";
		};
/* End PBXVariantGroup section */

/* Begin XCBuildConfiguration section */
		25C76AE817B2150B00F31874 /* Debug */ = {
			isa = XCBuildConfiguration;
			buildSettings = {
				ALWAYS_SEARCH_USER_PATHS = NO;
				CLANG_CXX_LANGUAGE_STANDARD = "gnu++0x";
				CLANG_CXX_LIBRARY = "libc++";
				CLANG_ENABLE_MODULES = YES;
				CLANG_ENABLE_OBJC_ARC = YES;
				CLANG_WARN_BOOL_CONVERSION = YES;
				CLANG_WARN_CONSTANT_CONVERSION = YES;
				CLANG_WARN_DIRECT_OBJC_ISA_USAGE = YES_ERROR;
				CLANG_WARN_EMPTY_BODY = YES;
				CLANG_WARN_ENUM_CONVERSION = YES;
				CLANG_WARN_INT_CONVERSION = YES;
				CLANG_WARN_OBJC_ROOT_CLASS = YES_ERROR;
				CLANG_WARN__DUPLICATE_METHOD_MATCH = YES;
				"CODE_SIGN_IDENTITY[sdk=iphoneos*]" = "iPhone Developer";
				COPY_PHASE_STRIP = NO;
				GCC_C_LANGUAGE_STANDARD = gnu99;
				GCC_DYNAMIC_NO_PIC = NO;
				GCC_OPTIMIZATION_LEVEL = 0;
				GCC_PREPROCESSOR_DEFINITIONS = (
					"DEBUG=1",
					"$(inherited)",
				);
				GCC_SYMBOLS_PRIVATE_EXTERN = NO;
				GCC_WARN_ABOUT_RETURN_TYPE = YES_ERROR;
				GCC_WARN_UNDECLARED_SELECTOR = YES;
				GCC_WARN_UNINITIALIZED_AUTOS = YES;
				GCC_WARN_UNUSED_FUNCTION = YES;
				GCC_WARN_UNUSED_VARIABLE = YES;
				IPHONEOS_DEPLOYMENT_TARGET = 7.0;
				ONLY_ACTIVE_ARCH = YES;
				SDKROOT = iphoneos;
				TARGETED_DEVICE_FAMILY = "1,2";
			};
			name = Debug;
		};
		25C76AE917B2150B00F31874 /* Release */ = {
			isa = XCBuildConfiguration;
			buildSettings = {
				ALWAYS_SEARCH_USER_PATHS = NO;
				CLANG_CXX_LANGUAGE_STANDARD = "gnu++0x";
				CLANG_CXX_LIBRARY = "libc++";
				CLANG_ENABLE_MODULES = YES;
				CLANG_ENABLE_OBJC_ARC = YES;
				CLANG_WARN_BOOL_CONVERSION = YES;
				CLANG_WARN_CONSTANT_CONVERSION = YES;
				CLANG_WARN_DIRECT_OBJC_ISA_USAGE = YES_ERROR;
				CLANG_WARN_EMPTY_BODY = YES;
				CLANG_WARN_ENUM_CONVERSION = YES;
				CLANG_WARN_INT_CONVERSION = YES;
				CLANG_WARN_OBJC_ROOT_CLASS = YES_ERROR;
				CLANG_WARN__DUPLICATE_METHOD_MATCH = YES;
				"CODE_SIGN_IDENTITY[sdk=iphoneos*]" = "iPhone Developer";
				COPY_PHASE_STRIP = YES;
				ENABLE_NS_ASSERTIONS = NO;
				GCC_C_LANGUAGE_STANDARD = gnu99;
				GCC_WARN_ABOUT_RETURN_TYPE = YES_ERROR;
				GCC_WARN_UNDECLARED_SELECTOR = YES;
				GCC_WARN_UNINITIALIZED_AUTOS = YES;
				GCC_WARN_UNUSED_FUNCTION = YES;
				GCC_WARN_UNUSED_VARIABLE = YES;
				IPHONEOS_DEPLOYMENT_TARGET = 7.0;
				SDKROOT = iphoneos;
				TARGETED_DEVICE_FAMILY = "1,2";
				VALIDATE_PRODUCT = YES;
			};
			name = Release;
		};
		25C76AEB17B2150B00F31874 /* Debug */ = {
			isa = XCBuildConfiguration;
			buildSettings = {
				ASSETCATALOG_COMPILER_APPICON_NAME = AppIcon;
				ASSETCATALOG_COMPILER_LAUNCHIMAGE_NAME = LaunchImage;
				GCC_PRECOMPILE_PREFIX_HEADER = YES;
				GCC_PREFIX_HEADER = "Card Rewards/Card Rewards-Prefix.pch";
				INFOPLIST_FILE = "Card Rewards/Card Rewards-Info.plist";
				PRODUCT_NAME = "$(TARGET_NAME)";
				WRAPPER_EXTENSION = app;
			};
			name = Debug;
		};
		25C76AEC17B2150B00F31874 /* Release */ = {
			isa = XCBuildConfiguration;
			buildSettings = {
				ASSETCATALOG_COMPILER_APPICON_NAME = AppIcon;
				ASSETCATALOG_COMPILER_LAUNCHIMAGE_NAME = LaunchImage;
				GCC_PRECOMPILE_PREFIX_HEADER = YES;
				GCC_PREFIX_HEADER = "Card Rewards/Card Rewards-Prefix.pch";
				INFOPLIST_FILE = "Card Rewards/Card Rewards-Info.plist";
				PRODUCT_NAME = "$(TARGET_NAME)";
				WRAPPER_EXTENSION = app;
			};
			name = Release;
		};
		25C76AEE17B2150B00F31874 /* Debug */ = {
			isa = XCBuildConfiguration;
			buildSettings = {
				BUNDLE_LOADER = "$(BUILT_PRODUCTS_DIR)/Card Rewards.app/Card Rewards";
				FRAMEWORK_SEARCH_PATHS = (
					"$(SDKROOT)/Developer/Library/Frameworks",
					"$(inherited)",
					"$(DEVELOPER_FRAMEWORKS_DIR)",
				);
				GCC_PRECOMPILE_PREFIX_HEADER = YES;
				GCC_PREFIX_HEADER = "Card Rewards/Card Rewards-Prefix.pch";
				GCC_PREPROCESSOR_DEFINITIONS = (
					"DEBUG=1",
					"$(inherited)",
				);
				INFOPLIST_FILE = "Card RewardsTests/Card RewardsTests-Info.plist";
				PRODUCT_NAME = "$(TARGET_NAME)";
				TEST_HOST = "$(BUNDLE_LOADER)";
				WRAPPER_EXTENSION = xctest;
			};
			name = Debug;
		};
		25C76AEF17B2150B00F31874 /* Release */ = {
			isa = XCBuildConfiguration;
			buildSettings = {
				BUNDLE_LOADER = "$(BUILT_PRODUCTS_DIR)/Card Rewards.app/Card Rewards";
				FRAMEWORK_SEARCH_PATHS = (
					"$(SDKROOT)/Developer/Library/Frameworks",
					"$(inherited)",
					"$(DEVELOPER_FRAMEWORKS_DIR)",
				);
				GCC_PRECOMPILE_PREFIX_HEADER = YES;
				GCC_PREFIX_HEADER = "Card Rewards/Card Rewards-Prefix.pch";
				INFOPLIST_FILE = "Card RewardsTests/Card RewardsTests-Info.plist";
				PRODUCT_NAME = "$(TARGET_NAME)";
				TEST_HOST = "$(BUNDLE_LOADER)";
				WRAPPER_EXTENSION = xctest;
			};
			name = Release;
		};
/* End XCBuildConfiguration section */

/* Begin XCConfigurationList section */
		25C76AAD17B2150B00F31874 /* Build configuration list for PBXProject "Card Rewards" */ = {
			isa = XCConfigurationList;
			buildConfigurations = (
				25C76AE817B2150B00F31874 /* Debug */,
				25C76AE917B2150B00F31874 /* Release */,
			);
			defaultConfigurationIsVisible = 0;
			defaultConfigurationName = Release;
		};
		25C76AEA17B2150B00F31874 /* Build configuration list for PBXNativeTarget "Card Rewards" */ = {
			isa = XCConfigurationList;
			buildConfigurations = (
				25C76AEB17B2150B00F31874 /* Debug */,
				25C76AEC17B2150B00F31874 /* Release */,
			);
			defaultConfigurationIsVisible = 0;
			defaultConfigurationName = Release;
		};
		25C76AED17B2150B00F31874 /* Build configuration list for PBXNativeTarget "Card RewardsTests" */ = {
			isa = XCConfigurationList;
			buildConfigurations = (
				25C76AEE17B2150B00F31874 /* Debug */,
				25C76AEF17B2150B00F31874 /* Release */,
			);
			defaultConfigurationIsVisible = 0;
			defaultConfigurationName = Release;
		};
/* End XCConfigurationList section */
	};
	rootObject = 25C76AAA17B2150B00F31874 /* Project object */;
}
